
Microsoft Visual Studio Solution File, Format Version 12.00
# Visual Studio 14
VisualStudioVersion = 14.0.25420.1
MinimumVisualStudioVersion = 10.0.40219.1
Project("{2150E333-8FDC-42A3-9474-1A3956D46DE8}") = "src", "src", "{1F8CFF2B-75ED-4877-931F-49A8566232C7}"
EndProject
Project("{2150E333-8FDC-42A3-9474-1A3956D46DE8}") = "tests", "tests", "{A6C015AB-E12E-42AB-B216-DDB84E9BE43A}"
EndProject
Project("{FAE04EC0-301F-11D3-BF4B-00C04F79EFBC}") = "PuppetMaster", "PuppetMaster\PuppetMaster.csproj", "{9470EB46-F205-4E09-8D4E-C940824C31F1}"
EndProject
Project("{FAE04EC0-301F-11D3-BF4B-00C04F79EFBC}") = "PuppetMaster.Tests", "PuppetMaster.Tests\PuppetMaster.Tests.csproj", "{5F888D14-DC37-49BC-8B7B-C04150849A5D}"
EndProject
Project("{FAE04EC0-301F-11D3-BF4B-00C04F79EFBC}") = "Operator", "Operator\Operator.csproj", "{ACB5537C-ADD5-4E2B-BFF4-83F9BBCE0AFD}"
EndProject
Project("{FAE04EC0-301F-11D3-BF4B-00C04F79EFBC}") = "OperatorProxys", "OperatorProxys\OperatorProxys.csproj", "{AA9028D8-FA60-46F2-9398-89F0B6D658F1}"
EndProject
Project("{FAE04EC0-301F-11D3-BF4B-00C04F79EFBC}") = "Operator.Tests", "OperatorTests\Operator.Tests.csproj", "{18058BB7-BEC8-4D39-B2D5-C76BFFC0DD29}"
EndProject
Project("{FAE04EC0-301F-11D3-BF4B-00C04F79EFBC}") = "TestDll", "TestDll\TestDll.csproj", "{30576F1A-816D-4579-BA93-FAE77272E40C}"
EndProject
Project("{FAE04EC0-301F-11D3-BF4B-00C04F79EFBC}") = "ProcessCreation", "ProcessCreation\ProcessCreation.csproj", "{18890597-F7BF-47EC-BAF1-5849D327C0CA}"
EndProject
Project("{FAE04EC0-301F-11D3-BF4B-00C04F79EFBC}") = "ProcessCreationProxy", "ProcessCreationProxy\ProcessCreationProxy.csproj", "{E8788CDC-7EAA-4FDA-839F-041C25ECE1B9}"
EndProject
Project("{FAE04EC0-301F-11D3-BF4B-00C04F79EFBC}") = "ProcessCreation.Tests", "ProcessCreation.Tests\ProcessCreation.Tests.csproj", "{3D4A191C-B76A-42A9-AD75-392139F70C97}"
EndProject
Project("{FAE04EC0-301F-11D3-BF4B-00C04F79EFBC}") = "PuppetMasterGUI", "PuppetMasterGUI\PuppetMasterGUI.csproj", "{570909E9-9973-4C88-B7DD-2AF0EF823AB8}"
EndProject
Global
	GlobalSection(SolutionConfigurationPlatforms) = preSolution
		Debug|Any CPU = Debug|Any CPU
		Release|Any CPU = Release|Any CPU
	EndGlobalSection
	GlobalSection(ProjectConfigurationPlatforms) = postSolution
		{9470EB46-F205-4E09-8D4E-C940824C31F1}.Debug|Any CPU.ActiveCfg = Debug|Any CPU
		{9470EB46-F205-4E09-8D4E-C940824C31F1}.Debug|Any CPU.Build.0 = Debug|Any CPU
		{9470EB46-F205-4E09-8D4E-C940824C31F1}.Release|Any CPU.ActiveCfg = Release|Any CPU
		{9470EB46-F205-4E09-8D4E-C940824C31F1}.Release|Any CPU.Build.0 = Release|Any CPU
		{5F888D14-DC37-49BC-8B7B-C04150849A5D}.Debug|Any CPU.ActiveCfg = Debug|Any CPU
		{5F888D14-DC37-49BC-8B7B-C04150849A5D}.Debug|Any CPU.Build.0 = Debug|Any CPU
		{5F888D14-DC37-49BC-8B7B-C04150849A5D}.Release|Any CPU.ActiveCfg = Release|Any CPU
		{5F888D14-DC37-49BC-8B7B-C04150849A5D}.Release|Any CPU.Build.0 = Release|Any CPU
		{ACB5537C-ADD5-4E2B-BFF4-83F9BBCE0AFD}.Debug|Any CPU.ActiveCfg = Debug|Any CPU
		{ACB5537C-ADD5-4E2B-BFF4-83F9BBCE0AFD}.Debug|Any CPU.Build.0 = Debug|Any CPU
		{ACB5537C-ADD5-4E2B-BFF4-83F9BBCE0AFD}.Release|Any CPU.ActiveCfg = Release|Any CPU
		{ACB5537C-ADD5-4E2B-BFF4-83F9BBCE0AFD}.Release|Any CPU.Build.0 = Release|Any CPU
		{AA9028D8-FA60-46F2-9398-89F0B6D658F1}.Debug|Any CPU.ActiveCfg = Debug|Any CPU
		{AA9028D8-FA60-46F2-9398-89F0B6D658F1}.Debug|Any CPU.Build.0 = Debug|Any CPU
		{AA9028D8-FA60-46F2-9398-89F0B6D658F1}.Release|Any CPU.ActiveCfg = Release|Any CPU
		{AA9028D8-FA60-46F2-9398-89F0B6D658F1}.Release|Any CPU.Build.0 = Release|Any CPU
		{18058BB7-BEC8-4D39-B2D5-C76BFFC0DD29}.Debug|Any CPU.ActiveCfg = Debug|Any CPU
		{18058BB7-BEC8-4D39-B2D5-C76BFFC0DD29}.Debug|Any CPU.Build.0 = Debug|Any CPU
		{18058BB7-BEC8-4D39-B2D5-C76BFFC0DD29}.Release|Any CPU.ActiveCfg = Release|Any CPU
		{18058BB7-BEC8-4D39-B2D5-C76BFFC0DD29}.Release|Any CPU.Build.0 = Release|Any CPU
		{30576F1A-816D-4579-BA93-FAE77272E40C}.Debug|Any CPU.ActiveCfg = Debug|Any CPU
		{30576F1A-816D-4579-BA93-FAE77272E40C}.Debug|Any CPU.Build.0 = Debug|Any CPU
		{30576F1A-816D-4579-BA93-FAE77272E40C}.Release|Any CPU.ActiveCfg = Release|Any CPU
		{30576F1A-816D-4579-BA93-FAE77272E40C}.Release|Any CPU.Build.0 = Release|Any CPU
		{18890597-F7BF-47EC-BAF1-5849D327C0CA}.Debug|Any CPU.ActiveCfg = Debug|Any CPU
		{18890597-F7BF-47EC-BAF1-5849D327C0CA}.Debug|Any CPU.Build.0 = Debug|Any CPU
		{18890597-F7BF-47EC-BAF1-5849D327C0CA}.Release|Any CPU.ActiveCfg = Release|Any CPU
		{18890597-F7BF-47EC-BAF1-5849D327C0CA}.Release|Any CPU.Build.0 = Release|Any CPU
		{E8788CDC-7EAA-4FDA-839F-041C25ECE1B9}.Debug|Any CPU.ActiveCfg = Debug|Any CPU
		{E8788CDC-7EAA-4FDA-839F-041C25ECE1B9}.Debug|Any CPU.Build.0 = Debug|Any CPU
		{E8788CDC-7EAA-4FDA-839F-041C25ECE1B9}.Release|Any CPU.ActiveCfg = Release|Any CPU
		{E8788CDC-7EAA-4FDA-839F-041C25ECE1B9}.Release|Any CPU.Build.0 = Release|Any CPU
		{3D4A191C-B76A-42A9-AD75-392139F70C97}.Debug|Any CPU.ActiveCfg = Debug|Any CPU
		{3D4A191C-B76A-42A9-AD75-392139F70C97}.Debug|Any CPU.Build.0 = Debug|Any CPU
		{3D4A191C-B76A-42A9-AD75-392139F70C97}.Release|Any CPU.ActiveCfg = Release|Any CPU
		{3D4A191C-B76A-42A9-AD75-392139F70C97}.Release|Any CPU.Build.0 = Release|Any CPU
		{570909E9-9973-4C88-B7DD-2AF0EF823AB8}.Debug|Any CPU.ActiveCfg = Debug|Any CPU
		{570909E9-9973-4C88-B7DD-2AF0EF823AB8}.Debug|Any CPU.Build.0 = Debug|Any CPU
		{570909E9-9973-4C88-B7DD-2AF0EF823AB8}.Release|Any CPU.ActiveCfg = Release|Any CPU
		{570909E9-9973-4C88-B7DD-2AF0EF823AB8}.Release|Any CPU.Build.0 = Release|Any CPU
	EndGlobalSection
	GlobalSection(SolutionProperties) = preSolution
		HideSolutionNode = FALSE
	EndGlobalSection
	GlobalSection(NestedProjects) = preSolution
		{9470EB46-F205-4E09-8D4E-C940824C31F1} = {1F8CFF2B-75ED-4877-931F-49A8566232C7}
		{5F888D14-DC37-49BC-8B7B-C04150849A5D} = {A6C015AB-E12E-42AB-B216-DDB84E9BE43A}
		{ACB5537C-ADD5-4E2B-BFF4-83F9BBCE0AFD} = {1F8CFF2B-75ED-4877-931F-49A8566232C7}
		{AA9028D8-FA60-46F2-9398-89F0B6D658F1} = {1F8CFF2B-75ED-4877-931F-49A8566232C7}
		{18058BB7-BEC8-4D39-B2D5-C76BFFC0DD29} = {A6C015AB-E12E-42AB-B216-DDB84E9BE43A}
		{30576F1A-816D-4579-BA93-FAE77272E40C} = {A6C015AB-E12E-42AB-B216-DDB84E9BE43A}
		{18890597-F7BF-47EC-BAF1-5849D327C0CA} = {1F8CFF2B-75ED-4877-931F-49A8566232C7}
		{E8788CDC-7EAA-4FDA-839F-041C25ECE1B9} = {1F8CFF2B-75ED-4877-931F-49A8566232C7}
		{3D4A191C-B76A-42A9-AD75-392139F70C97} = {A6C015AB-E12E-42AB-B216-DDB84E9BE43A}
		{570909E9-9973-4C88-B7DD-2AF0EF823AB8} = {1F8CFF2B-75ED-4877-931F-49A8566232C7}
	EndGlobalSection
EndGlobal
