
Microsoft Visual Studio Solution File, Format Version 12.00
# Visual Studio 14
VisualStudioVersion = 14.0.25420.1
MinimumVisualStudioVersion = 10.0.40219.1
Project("{2150E333-8FDC-42A3-9474-1A3956D46DE8}") = "src", "src", "{1F8CFF2B-75ED-4877-931F-49A8566232C7}"
EndProject
Project("{2150E333-8FDC-42A3-9474-1A3956D46DE8}") = "tests", "tests", "{A6C015AB-E12E-42AB-B216-DDB84E9BE43A}"
EndProject
Project("{FAE04EC0-301F-11D3-BF4B-00C04F79EFBC}") = "PuppetMaster", "PuppetMaster\PuppetMaster.csproj", "{9470EB46-F205-4E09-8D4E-C940824C31F1}"
EndProject
Project("{FAE04EC0-301F-11D3-BF4B-00C04F79EFBC}") = "PuppetMaster.Tests", "PuppetMaster.Tests\PuppetMaster.Tests.csproj", "{5F888D14-DC37-49BC-8B7B-C04150849A5D}"
EndProject
Project("{FAE04EC0-301F-11D3-BF4B-00C04F79EFBC}") = "Operator", "Operator\Operator.csproj", "{ACB5537C-ADD5-4E2B-BFF4-83F9BBCE0AFD}"
EndProject
Project("{FAE04EC0-301F-11D3-BF4B-00C04F79EFBC}") = "OperatorProxys", "OperatorProxys\OperatorProxys.csproj", "{AA9028D8-FA60-46F2-9398-89F0B6D658F1}"
EndProject
Global
	GlobalSection(SolutionConfigurationPlatforms) = preSolution
		Debug|Any CPU = Debug|Any CPU
		Release|Any CPU = Release|Any CPU
	EndGlobalSection
	GlobalSection(ProjectConfigurationPlatforms) = postSolution
		{9470EB46-F205-4E09-8D4E-C940824C31F1}.Debug|Any CPU.ActiveCfg = Debug|Any CPU
		{9470EB46-F205-4E09-8D4E-C940824C31F1}.Debug|Any CPU.Build.0 = Debug|Any CPU
		{9470EB46-F205-4E09-8D4E-C940824C31F1}.Release|Any CPU.ActiveCfg = Release|Any CPU
		{9470EB46-F205-4E09-8D4E-C940824C31F1}.Release|Any CPU.Build.0 = Release|Any CPU
		{5F888D14-DC37-49BC-8B7B-C04150849A5D}.Debug|Any CPU.ActiveCfg = Debug|Any CPU
		{5F888D14-DC37-49BC-8B7B-C04150849A5D}.Debug|Any CPU.Build.0 = Debug|Any CPU
		{5F888D14-DC37-49BC-8B7B-C04150849A5D}.Release|Any CPU.ActiveCfg = Release|Any CPU
		{5F888D14-DC37-49BC-8B7B-C04150849A5D}.Release|Any CPU.Build.0 = Release|Any CPU
		{ACB5537C-ADD5-4E2B-BFF4-83F9BBCE0AFD}.Debug|Any CPU.ActiveCfg = Debug|Any CPU
		{ACB5537C-ADD5-4E2B-BFF4-83F9BBCE0AFD}.Debug|Any CPU.Build.0 = Debug|Any CPU
		{ACB5537C-ADD5-4E2B-BFF4-83F9BBCE0AFD}.Release|Any CPU.ActiveCfg = Release|Any CPU
		{ACB5537C-ADD5-4E2B-BFF4-83F9BBCE0AFD}.Release|Any CPU.Build.0 = Release|Any CPU
		{AA9028D8-FA60-46F2-9398-89F0B6D658F1}.Debug|Any CPU.ActiveCfg = Debug|Any CPU
		{AA9028D8-FA60-46F2-9398-89F0B6D658F1}.Debug|Any CPU.Build.0 = Debug|Any CPU
		{AA9028D8-FA60-46F2-9398-89F0B6D658F1}.Release|Any CPU.ActiveCfg = Release|Any CPU
		{AA9028D8-FA60-46F2-9398-89F0B6D658F1}.Release|Any CPU.Build.0 = Release|Any CPU
	EndGlobalSection
	GlobalSection(SolutionProperties) = preSolution
		HideSolutionNode = FALSE
	EndGlobalSection
	GlobalSection(NestedProjects) = preSolution
		{9470EB46-F205-4E09-8D4E-C940824C31F1} = {1F8CFF2B-75ED-4877-931F-49A8566232C7}
		{5F888D14-DC37-49BC-8B7B-C04150849A5D} = {A6C015AB-E12E-42AB-B216-DDB84E9BE43A}
		{ACB5537C-ADD5-4E2B-BFF4-83F9BBCE0AFD} = {1F8CFF2B-75ED-4877-931F-49A8566232C7}
		{AA9028D8-FA60-46F2-9398-89F0B6D658F1} = {1F8CFF2B-75ED-4877-931F-49A8566232C7}
	EndGlobalSection
EndGlobal
